{
  "name": "insomnia-plugin-aws-iam",
  "version": "1.0.1",
  "lockfileVersion": 1,
  "requires": true,
  "dependencies": {
    "@types/node": {
      "version": "12.12.50",
      "resolved": "https://registry.npmjs.org/@types/node/-/node-12.12.50.tgz",
      "integrity": "sha512-5ImO01Fb8YsEOYpV+aeyGYztcYcjGsBvN4D7G5r1ef2cuQOpymjWNQi5V0rKHE6PC2ru3HkoUr/Br2/8GUA84w==",
      "dev": true
    },
    "awscred": {
      "version": "1.5.0",
      "resolved": "https://registry.npmjs.org/awscred/-/awscred-1.5.0.tgz",
      "integrity": "sha512-EkdH0O/gp5LOAU/CxCkeo6BF8qdGRmhFkVYMaNNZiNTgBHg0EpLswdtwhXZoC4t/NX5Ctx43WHHQd1Z3KrFQgg=="
    },
    "typescript": {
      "version": "3.7.4",
      "resolved": "https://registry.npmjs.org/typescript/-/typescript-3.7.4.tgz",
      "integrity": "sha512-A25xv5XCtarLwXpcDNZzCGvW2D1S3/bACratYBx2sax8PefsFhlYmkQicKHvpYflFS8if4zne5zT5kpJ7pzuvw==",
      "dev": true
    }
  }
}
